
Microsoft Visual Studio Solution File, Format Version 12.00
# Visual Studio Version 16
VisualStudioVersion = 16.0.28803.156
MinimumVisualStudioVersion = 10.0.40219.1
Project("{FAE04EC0-301F-11D3-BF4B-00C04F79EFBC}") = "GatewayServiceTest", "GatewayServiceTest\GatewayServiceTest.csproj", "{EC4206C2-68DF-4B03-8044-6606B62B1C05}"
EndProject
Global
	GlobalSection(SolutionConfigurationPlatforms) = preSolution
		Debug_woDrawing|Any CPU = Debug_woDrawing|Any CPU
		Debug|Any CPU = Debug|Any CPU
		Release_woDrawing|Any CPU = Release_woDrawing|Any CPU
		Release|Any CPU = Release|Any CPU
	EndGlobalSection
	GlobalSection(ProjectConfigurationPlatforms) = postSolution
		{EC4206C2-68DF-4B03-8044-6606B62B1C05}.Debug_woDrawing|Any CPU.ActiveCfg = Debug|Any CPU
		{EC4206C2-68DF-4B03-8044-6606B62B1C05}.Debug_woDrawing|Any CPU.Build.0 = Debug|Any CPU
		{EC4206C2-68DF-4B03-8044-6606B62B1C05}.Debug|Any CPU.ActiveCfg = Debug|Any CPU
		{EC4206C2-68DF-4B03-8044-6606B62B1C05}.Debug|Any CPU.Build.0 = Debug|Any CPU
		{EC4206C2-68DF-4B03-8044-6606B62B1C05}.Release_woDrawing|Any CPU.ActiveCfg = Release|Any CPU
		{EC4206C2-68DF-4B03-8044-6606B62B1C05}.Release_woDrawing|Any CPU.Build.0 = Release|Any CPU
		{EC4206C2-68DF-4B03-8044-6606B62B1C05}.Release|Any CPU.ActiveCfg = Release|Any CPU
		{EC4206C2-68DF-4B03-8044-6606B62B1C05}.Release|Any CPU.Build.0 = Release|Any CPU
	EndGlobalSection
	GlobalSection(SolutionProperties) = preSolution
		HideSolutionNode = FALSE
	EndGlobalSection
	GlobalSection(ExtensibilityGlobals) = postSolution
		SolutionGuid = {33EED925-1C79-41CB-8162-2A37C5BDA719}
	EndGlobalSection
EndGlobal
